Microsoft Visual Studio Solution File, Format Version 12.00
# Visual Studio Version 17
VisualStudioVersion = 17.5.2.0
MinimumVisualStudioVersion = 10.0.40219.1
Project("{FAE04EC0-301F-11D3-BF4B-00C04F79EFBC}") = "LobbyService", "LobbyService.csproj", "{00566804-A60C-58C9-2EFA-DD5E1CE12256}"
EndProject
Global
	GlobalSection(SolutionConfigurationPlatforms) = preSolution
		Debug|Any CPU = Debug|Any CPU
		Release|Any CPU = Release|Any CPU
	EndGlobalSection
	GlobalSection(ProjectConfigurationPlatforms) = postSolution
		{00566804-A60C-58C9-2EFA-DD5E1CE12256}.Debug|Any CPU.ActiveCfg = Debug|Any CPU
		{00566804-A60C-58C9-2EFA-DD5E1CE12256}.Debug|Any CPU.Build.0 = Debug|Any CPU
		{00566804-A60C-58C9-2EFA-DD5E1CE12256}.Release|Any CPU.ActiveCfg = Release|Any CPU
		{00566804-A60C-58C9-2EFA-DD5E1CE12256}.Release|Any CPU.Build.0 = Release|Any CPU
	EndGlobalSection
	GlobalSection(SolutionProperties) = preSolution
		HideSolutionNode = FALSE
	EndGlobalSection
	GlobalSection(ExtensibilityGlobals) = postSolution
		SolutionGuid = {51A1804B-6258-4EB1-B77F-1E26D8A42064}
	EndGlobalSection
EndGlobal
